
Microsoft Visual Studio Solution File, Format Version 12.00
# Visual Studio Version 17
VisualStudioVersion = 17.5.33502.453
MinimumVisualStudioVersion = 10.0.40219.1
Project("{FAE04EC0-301F-11D3-BF4B-00C04F79EFBC}") = "Blazor_AttributeSplatting", "Blazor_AttributeSplatting\Blazor_AttributeSplatting.csproj", "{FFDCDB48-292D-4F97-BB9B-94702DBECE65}"
EndProject
Global
	GlobalSection(SolutionConfigurationPlatforms) = preSolution
		Debug|Any CPU = Debug|Any CPU
		Release|Any CPU = Release|Any CPU
	EndGlobalSection
	GlobalSection(ProjectConfigurationPlatforms) = postSolution
		{FFDCDB48-292D-4F97-BB9B-94702DBECE65}.Debug|Any CPU.ActiveCfg = Debug|Any CPU
		{FFDCDB48-292D-4F97-BB9B-94702DBECE65}.Debug|Any CPU.Build.0 = Debug|Any CPU
		{FFDCDB48-292D-4F97-BB9B-94702DBECE65}.Release|Any CPU.ActiveCfg = Release|Any CPU
		{FFDCDB48-292D-4F97-BB9B-94702DBECE65}.Release|Any CPU.Build.0 = Release|Any CPU
	EndGlobalSection
	GlobalSection(SolutionProperties) = preSolution
		HideSolutionNode = FALSE
	EndGlobalSection
	GlobalSection(ExtensibilityGlobals) = postSolution
		SolutionGuid = {D55683A4-CA19-46ED-B6FC-B67090FA9BAC}
	EndGlobalSection
EndGlobal
