
Microsoft Visual Studio Solution File, Format Version 12.00
# Visual Studio Version 17
VisualStudioVersion = 17.9.34607.119
MinimumVisualStudioVersion = 10.0.40219.1
Project("{FAE04EC0-301F-11D3-BF4B-00C04F79EFBC}") = "Blazor_UploadAndDownload", "Blazor_UploadAndDownload\Blazor_UploadAndDownload.csproj", "{BC969E32-6DB8-4CD2-968E-823D85139FB8}"
EndProject
Global
	GlobalSection(SolutionConfigurationPlatforms) = preSolution
		Debug|Any CPU = Debug|Any CPU
		Release|Any CPU = Release|Any CPU
	EndGlobalSection
	GlobalSection(ProjectConfigurationPlatforms) = postSolution
		{BC969E32-6DB8-4CD2-968E-823D85139FB8}.Debug|Any CPU.ActiveCfg = Debug|Any CPU
		{BC969E32-6DB8-4CD2-968E-823D85139FB8}.Debug|Any CPU.Build.0 = Debug|Any CPU
		{BC969E32-6DB8-4CD2-968E-823D85139FB8}.Release|Any CPU.ActiveCfg = Release|Any CPU
		{BC969E32-6DB8-4CD2-968E-823D85139FB8}.Release|Any CPU.Build.0 = Release|Any CPU
	EndGlobalSection
	GlobalSection(SolutionProperties) = preSolution
		HideSolutionNode = FALSE
	EndGlobalSection
	GlobalSection(ExtensibilityGlobals) = postSolution
		SolutionGuid = {E0E21A29-95F0-4557-9E8F-8779268A1CE2}
	EndGlobalSection
EndGlobal
