
Microsoft Visual Studio Solution File, Format Version 12.00
# Visual Studio Version 17
VisualStudioVersion = 17.9.34607.119
MinimumVisualStudioVersion = 10.0.40219.1
Project("{FAE04EC0-301F-11D3-BF4B-00C04F79EFBC}") = "Blazor_SignalR", "Blazor_SignalR\Blazor_SignalR.csproj", "{31605986-FF3F-4CEE-9B38-74C370020345}"
EndProject
Global
	GlobalSection(SolutionConfigurationPlatforms) = preSolution
		Debug|Any CPU = Debug|Any CPU
		Release|Any CPU = Release|Any CPU
	EndGlobalSection
	GlobalSection(ProjectConfigurationPlatforms) = postSolution
		{31605986-FF3F-4CEE-9B38-74C370020345}.Debug|Any CPU.ActiveCfg = Debug|Any CPU
		{31605986-FF3F-4CEE-9B38-74C370020345}.Debug|Any CPU.Build.0 = Debug|Any CPU
		{31605986-FF3F-4CEE-9B38-74C370020345}.Release|Any CPU.ActiveCfg = Release|Any CPU
		{31605986-FF3F-4CEE-9B38-74C370020345}.Release|Any CPU.Build.0 = Release|Any CPU
	EndGlobalSection
	GlobalSection(SolutionProperties) = preSolution
		HideSolutionNode = FALSE
	EndGlobalSection
	GlobalSection(ExtensibilityGlobals) = postSolution
		SolutionGuid = {78774EDF-DD47-4238-A5E3-1D4682A9E39B}
	EndGlobalSection
EndGlobal
