
Microsoft Visual Studio Solution File, Format Version 12.00
# Visual Studio Version 17
VisualStudioVersion = 17.5.33502.453
MinimumVisualStudioVersion = 10.0.40219.1
Project("{FAE04EC0-301F-11D3-BF4B-00C04F79EFBC}") = "Blazor_Ref", "Blazor_Ref\Blazor_Ref.csproj", "{F3DD0942-64D4-4BF4-9FBB-F65A3292637F}"
EndProject
Global
	GlobalSection(SolutionConfigurationPlatforms) = preSolution
		Debug|Any CPU = Debug|Any CPU
		Release|Any CPU = Release|Any CPU
	EndGlobalSection
	GlobalSection(ProjectConfigurationPlatforms) = postSolution
		{F3DD0942-64D4-4BF4-9FBB-F65A3292637F}.Debug|Any CPU.ActiveCfg = Debug|Any CPU
		{F3DD0942-64D4-4BF4-9FBB-F65A3292637F}.Debug|Any CPU.Build.0 = Debug|Any CPU
		{F3DD0942-64D4-4BF4-9FBB-F65A3292637F}.Release|Any CPU.ActiveCfg = Release|Any CPU
		{F3DD0942-64D4-4BF4-9FBB-F65A3292637F}.Release|Any CPU.Build.0 = Release|Any CPU
	EndGlobalSection
	GlobalSection(SolutionProperties) = preSolution
		HideSolutionNode = FALSE
	EndGlobalSection
	GlobalSection(ExtensibilityGlobals) = postSolution
		SolutionGuid = {E8A676BB-85CB-499E-8F86-CB73805245B8}
	EndGlobalSection
EndGlobal
