
Microsoft Visual Studio Solution File, Format Version 12.00
# Visual Studio Version 17
VisualStudioVersion = 17.5.33502.453
MinimumVisualStudioVersion = 10.0.40219.1
Project("{FAE04EC0-301F-11D3-BF4B-00C04F79EFBC}") = "Blazor_SplitComponent", "Blazor_SplitComponent\Blazor_SplitComponent.csproj", "{A0FAA25A-77A3-403C-977D-7D52AB73AD01}"
EndProject
Global
	GlobalSection(SolutionConfigurationPlatforms) = preSolution
		Debug|Any CPU = Debug|Any CPU
		Release|Any CPU = Release|Any CPU
	EndGlobalSection
	GlobalSection(ProjectConfigurationPlatforms) = postSolution
		{A0FAA25A-77A3-403C-977D-7D52AB73AD01}.Debug|Any CPU.ActiveCfg = Debug|Any CPU
		{A0FAA25A-77A3-403C-977D-7D52AB73AD01}.Debug|Any CPU.Build.0 = Debug|Any CPU
		{A0FAA25A-77A3-403C-977D-7D52AB73AD01}.Release|Any CPU.ActiveCfg = Release|Any CPU
		{A0FAA25A-77A3-403C-977D-7D52AB73AD01}.Release|Any CPU.Build.0 = Release|Any CPU
	EndGlobalSection
	GlobalSection(SolutionProperties) = preSolution
		HideSolutionNode = FALSE
	EndGlobalSection
	GlobalSection(ExtensibilityGlobals) = postSolution
		SolutionGuid = {E748BC38-6B4A-4A4F-A780-AFD5761C73E9}
	EndGlobalSection
EndGlobal
